<?xml version="1.0" encoding="UTF-8" standalone="yes" ?>
<CodeBlocks_project_file>
	<FileVersion major="1" minor="6" />
	<Project>
		<Option title="libsox" />
		<Option pch_mode="2" />
		<Option compiler="gcc" />
		<Option virtualFolders="libsoxconvert/libsox/;" />
		<Build>
			<Target title="Release">
				<Option output="bin/Release/libsox" prefix_auto="1" extension_auto="1" />
				<Option working_dir="" />
				<Option object_output="obj/Release/" />
				<Option type="2" />
				<Option compiler="gcc" />
				<Option createDefFile="1" />
				<Compiler>
					<Add option="-Os" />
					<Add option="-w" />
					<Add option="-D__CB__" />
					<Add directory="../../libsoxconvert/libsox" />
					<Add directory="../../libsoxconvert/libgsm" />
					<Add directory="../../libsoxconvert/lpc10" />
				</Compiler>
				<Linker>
					<Add option="-s" />
				</Linker>
			</Target>
		</Build>
		<Compiler>
			<Add option="-Wall" />
		</Compiler>
		<Unit filename="../../libsoxconvert/libgsm/add.c">
			<Option compilerVar="CC" />
		</Unit>
		<Unit filename="../../libsoxconvert/libgsm/aliases.h" />
		<Unit filename="../../libsoxconvert/libgsm/code.c">
			<Option compilerVar="CC" />
		</Unit>
		<Unit filename="../../libsoxconvert/libgsm/decode.c">
			<Option compilerVar="CC" />
		</Unit>
		<Unit filename="../../libsoxconvert/libgsm/gsm.h" />
		<Unit filename="../../libsoxconvert/libgsm/gsm_create.c">
			<Option compilerVar="CC" />
		</Unit>
		<Unit filename="../../libsoxconvert/libgsm/gsm_decode.c">
			<Option compilerVar="CC" />
		</Unit>
		<Unit filename="../../libsoxconvert/libgsm/gsm_destroy.c">
			<Option compilerVar="CC" />
		</Unit>
		<Unit filename="../../libsoxconvert/libgsm/gsm_encode.c">
			<Option compilerVar="CC" />
		</Unit>
		<Unit filename="../../libsoxconvert/libgsm/gsm_option.c">
			<Option compilerVar="CC" />
		</Unit>
		<Unit filename="../../libsoxconvert/libgsm/long_term.c">
			<Option compilerVar="CC" />
		</Unit>
		<Unit filename="../../libsoxconvert/libgsm/lpc.c">
			<Option compilerVar="CC" />
		</Unit>
		<Unit filename="../../libsoxconvert/libgsm/preprocess.c">
			<Option compilerVar="CC" />
		</Unit>
		<Unit filename="../../libsoxconvert/libgsm/private.h" />
		<Unit filename="../../libsoxconvert/libgsm/rpe.c">
			<Option compilerVar="CC" />
		</Unit>
		<Unit filename="../../libsoxconvert/libgsm/short_term.c">
			<Option compilerVar="CC" />
		</Unit>
		<Unit filename="../../libsoxconvert/libgsm/table.c">
			<Option compilerVar="CC" />
		</Unit>
		<Unit filename="../../libsoxconvert/libsox/8svx.c">
			<Option compilerVar="CC" />
		</Unit>
		<Unit filename="../../libsoxconvert/libsox/adpcm.c">
			<Option compilerVar="CC" />
		</Unit>
		<Unit filename="../../libsoxconvert/libsox/adpcm.h" />
		<Unit filename="../../libsoxconvert/libsox/adpcms.c">
			<Option compilerVar="CC" />
		</Unit>
		<Unit filename="../../libsoxconvert/libsox/adpcms.h" />
		<Unit filename="../../libsoxconvert/libsox/aifc-fmt.c">
			<Option compilerVar="CC" />
		</Unit>
		<Unit filename="../../libsoxconvert/libsox/aiff-fmt.c">
			<Option compilerVar="CC" />
		</Unit>
		<Unit filename="../../libsoxconvert/libsox/aiff.c">
			<Option compilerVar="CC" />
		</Unit>
		<Unit filename="../../libsoxconvert/libsox/aiff.h" />
		<Unit filename="../../libsoxconvert/libsox/al-fmt.c">
			<Option compilerVar="CC" />
		</Unit>
		<Unit filename="../../libsoxconvert/libsox/amr.h" />
		<Unit filename="../../libsoxconvert/libsox/amr1.h" />
		<Unit filename="../../libsoxconvert/libsox/amr2.h" />
		<Unit filename="../../libsoxconvert/libsox/au.c">
			<Option compilerVar="CC" />
		</Unit>
		<Unit filename="../../libsoxconvert/libsox/avr.c">
			<Option compilerVar="CC" />
		</Unit>
		<Unit filename="../../libsoxconvert/libsox/cdr.c">
			<Option compilerVar="CC" />
		</Unit>
		<Unit filename="../../libsoxconvert/libsox/cvsd-fmt.c">
			<Option compilerVar="CC" />
		</Unit>
		<Unit filename="../../libsoxconvert/libsox/cvsd.c">
			<Option compilerVar="CC" />
		</Unit>
		<Unit filename="../../libsoxconvert/libsox/cvsd.h" />
		<Unit filename="../../libsoxconvert/libsox/cvsdfilt.h" />
		<Unit filename="../../libsoxconvert/libsox/dat.c">
			<Option compilerVar="CC" />
		</Unit>
		<Unit filename="../../libsoxconvert/libsox/dvms-fmt.c">
			<Option compilerVar="CC" />
		</Unit>
		<Unit filename="../../libsoxconvert/libsox/effects.c">
			<Option compilerVar="CC" />
		</Unit>
		<Unit filename="../../libsoxconvert/libsox/effects.h" />
		<Unit filename="../../libsoxconvert/libsox/effects_i.c">
			<Option compilerVar="CC" />
		</Unit>
		<Unit filename="../../libsoxconvert/libsox/f4-fmt.c">
			<Option compilerVar="CC" />
		</Unit>
		<Unit filename="../../libsoxconvert/libsox/f8-fmt.c">
			<Option compilerVar="CC" />
		</Unit>
		<Unit filename="../../libsoxconvert/libsox/fft4g.c">
			<Option compilerVar="CC" />
		</Unit>
		<Unit filename="../../libsoxconvert/libsox/fft4g.h" />
		<Unit filename="../../libsoxconvert/libsox/formats.c">
			<Option compilerVar="CC" />
		</Unit>
		<Unit filename="../../libsoxconvert/libsox/formats.h" />
		<Unit filename="../../libsoxconvert/libsox/formats_i.c">
			<Option compilerVar="CC" />
		</Unit>
		<Unit filename="../../libsoxconvert/libsox/g711.c">
			<Option compilerVar="CC" />
		</Unit>
		<Unit filename="../../libsoxconvert/libsox/g711.h" />
		<Unit filename="../../libsoxconvert/libsox/g721.c">
			<Option compilerVar="CC" />
		</Unit>
		<Unit filename="../../libsoxconvert/libsox/g723_24.c">
			<Option compilerVar="CC" />
		</Unit>
		<Unit filename="../../libsoxconvert/libsox/g723_40.c">
			<Option compilerVar="CC" />
		</Unit>
		<Unit filename="../../libsoxconvert/libsox/g72x.c">
			<Option compilerVar="CC" />
		</Unit>
		<Unit filename="../../libsoxconvert/libsox/g72x.h" />
		<Unit filename="../../libsoxconvert/libsox/getopt.c">
			<Option compilerVar="CC" />
		</Unit>
		<Unit filename="../../libsoxconvert/libsox/getopt.h" />
		<Unit filename="../../libsoxconvert/libsox/getopt1.c">
			<Option compilerVar="CC" />
		</Unit>
		<Unit filename="../../libsoxconvert/libsox/gsm.c">
			<Option compilerVar="CC" />
		</Unit>
		<Unit filename="../../libsoxconvert/libsox/hcom.c">
			<Option compilerVar="CC" />
		</Unit>
		<Unit filename="../../libsoxconvert/libsox/htk.c">
			<Option compilerVar="CC" />
		</Unit>
		<Unit filename="../../libsoxconvert/libsox/ima-fmt.c">
			<Option compilerVar="CC" />
		</Unit>
		<Unit filename="../../libsoxconvert/libsox/ima_rw.c">
			<Option compilerVar="CC" />
		</Unit>
		<Unit filename="../../libsoxconvert/libsox/ima_rw.h" />
		<Unit filename="../../libsoxconvert/libsox/input.c">
			<Option compilerVar="CC" />
		</Unit>
		<Unit filename="../../libsoxconvert/libsox/la-fmt.c">
			<Option compilerVar="CC" />
		</Unit>
		<Unit filename="../../libsoxconvert/libsox/libsox.c">
			<Option compilerVar="CC" />
		</Unit>
		<Unit filename="../../libsoxconvert/libsox/libsox_i.c">
			<Option compilerVar="CC" />
		</Unit>
		<Unit filename="../../libsoxconvert/libsox/lpc10.c">
			<Option compilerVar="CC" />
		</Unit>
		<Unit filename="../../libsoxconvert/libsox/lu-fmt.c">
			<Option compilerVar="CC" />
		</Unit>
		<Unit filename="../../libsoxconvert/libsox/maud.c">
			<Option compilerVar="CC" />
		</Unit>
		<Unit filename="../../libsoxconvert/libsox/nulfile.c">
			<Option compilerVar="CC" />
		</Unit>
		<Unit filename="../../libsoxconvert/libsox/output.c">
			<Option compilerVar="CC" />
		</Unit>
		<Unit filename="../../libsoxconvert/libsox/prc.c">
			<Option compilerVar="CC" />
		</Unit>
		<Unit filename="../../libsoxconvert/libsox/raw-fmt.c">
			<Option compilerVar="CC" />
		</Unit>
		<Unit filename="../../libsoxconvert/libsox/raw.c">
			<Option compilerVar="CC" />
		</Unit>
		<Unit filename="../../libsoxconvert/libsox/raw.h" />
		<Unit filename="../../libsoxconvert/libsox/s1-fmt.c">
			<Option compilerVar="CC" />
		</Unit>
		<Unit filename="../../libsoxconvert/libsox/s2-fmt.c">
			<Option compilerVar="CC" />
		</Unit>
		<Unit filename="../../libsoxconvert/libsox/s3-fmt.c">
			<Option compilerVar="CC" />
		</Unit>
		<Unit filename="../../libsoxconvert/libsox/s4-fmt.c">
			<Option compilerVar="CC" />
		</Unit>
		<Unit filename="../../libsoxconvert/libsox/sf.c">
			<Option compilerVar="CC" />
		</Unit>
		<Unit filename="../../libsoxconvert/libsox/skelform.c">
			<Option compilerVar="CC" />
		</Unit>
		<Unit filename="../../libsoxconvert/libsox/smp.c">
			<Option compilerVar="CC" />
		</Unit>
		<Unit filename="../../libsoxconvert/libsox/sounder.c">
			<Option compilerVar="CC" />
		</Unit>
		<Unit filename="../../libsoxconvert/libsox/soundtool.c">
			<Option compilerVar="CC" />
		</Unit>
		<Unit filename="../../libsoxconvert/libsox/sox.h" />
		<Unit filename="../../libsoxconvert/libsox/sox_i.h" />
		<Unit filename="../../libsoxconvert/libsox/soxconfig.h" />
		<Unit filename="../../libsoxconvert/libsox/soxstdint.h">
			<Option virtualFolder="libsoxconvert/libsox/" />
		</Unit>
		<Unit filename="../../libsoxconvert/libsox/sphere.c">
			<Option compilerVar="CC" />
		</Unit>
		<Unit filename="../../libsoxconvert/libsox/tx16w.c">
			<Option compilerVar="CC" />
		</Unit>
		<Unit filename="../../libsoxconvert/libsox/u1-fmt.c">
			<Option compilerVar="CC" />
		</Unit>
		<Unit filename="../../libsoxconvert/libsox/u2-fmt.c">
			<Option compilerVar="CC" />
		</Unit>
		<Unit filename="../../libsoxconvert/libsox/u3-fmt.c">
			<Option compilerVar="CC" />
		</Unit>
		<Unit filename="../../libsoxconvert/libsox/u4-fmt.c">
			<Option compilerVar="CC" />
		</Unit>
		<Unit filename="../../libsoxconvert/libsox/ul-fmt.c">
			<Option compilerVar="CC" />
		</Unit>
		<Unit filename="../../libsoxconvert/libsox/util.c">
			<Option compilerVar="CC" />
		</Unit>
		<Unit filename="../../libsoxconvert/libsox/util.h" />
		<Unit filename="../../libsoxconvert/libsox/voc.c">
			<Option compilerVar="CC" />
		</Unit>
		<Unit filename="../../libsoxconvert/libsox/vox-fmt.c">
			<Option compilerVar="CC" />
		</Unit>
		<Unit filename="../../libsoxconvert/libsox/vox.c">
			<Option compilerVar="CC" />
		</Unit>
		<Unit filename="../../libsoxconvert/libsox/vox.h" />
		<Unit filename="../../libsoxconvert/libsox/wav.c">
			<Option compilerVar="CC" />
		</Unit>
		<Unit filename="../../libsoxconvert/libsox/wve.c">
			<Option compilerVar="CC" />
		</Unit>
		<Unit filename="../../libsoxconvert/libsox/xa.c">
			<Option compilerVar="CC" />
		</Unit>
		<Unit filename="../../libsoxconvert/libsox/xmalloc.c">
			<Option compilerVar="CC" />
		</Unit>
		<Unit filename="../../libsoxconvert/libsox/xmalloc.h" />
		<Unit filename="../../libsoxconvert/lpc10/analys.c">
			<Option compilerVar="CC" />
		</Unit>
		<Unit filename="../../libsoxconvert/lpc10/bsynz.c">
			<Option compilerVar="CC" />
		</Unit>
		<Unit filename="../../libsoxconvert/lpc10/chanwr.c">
			<Option compilerVar="CC" />
		</Unit>
		<Unit filename="../../libsoxconvert/lpc10/dcbias.c">
			<Option compilerVar="CC" />
		</Unit>
		<Unit filename="../../libsoxconvert/lpc10/decode.c">
			<Option compilerVar="CC" />
		</Unit>
		<Unit filename="../../libsoxconvert/lpc10/deemp.c">
			<Option compilerVar="CC" />
		</Unit>
		<Unit filename="../../libsoxconvert/lpc10/difmag.c">
			<Option compilerVar="CC" />
		</Unit>
		<Unit filename="../../libsoxconvert/lpc10/dyptrk.c">
			<Option compilerVar="CC" />
		</Unit>
		<Unit filename="../../libsoxconvert/lpc10/encode.c">
			<Option compilerVar="CC" />
		</Unit>
		<Unit filename="../../libsoxconvert/lpc10/energy.c">
			<Option compilerVar="CC" />
		</Unit>
		<Unit filename="../../libsoxconvert/lpc10/f2c.h" />
		<Unit filename="../../libsoxconvert/lpc10/f2clib.c">
			<Option compilerVar="CC" />
		</Unit>
		<Unit filename="../../libsoxconvert/lpc10/ham84.c">
			<Option compilerVar="CC" />
		</Unit>
		<Unit filename="../../libsoxconvert/lpc10/hp100.c">
			<Option compilerVar="CC" />
		</Unit>
		<Unit filename="../../libsoxconvert/lpc10/invert.c">
			<Option compilerVar="CC" />
		</Unit>
		<Unit filename="../../libsoxconvert/lpc10/irc2pc.c">
			<Option compilerVar="CC" />
		</Unit>
		<Unit filename="../../libsoxconvert/lpc10/ivfilt.c">
			<Option compilerVar="CC" />
		</Unit>
		<Unit filename="../../libsoxconvert/lpc10/lpc10.h" />
		<Unit filename="../../libsoxconvert/lpc10/lpcdec.c">
			<Option compilerVar="CC" />
		</Unit>
		<Unit filename="../../libsoxconvert/lpc10/lpcenc.c">
			<Option compilerVar="CC" />
		</Unit>
		<Unit filename="../../libsoxconvert/lpc10/lpcini.c">
			<Option compilerVar="CC" />
		</Unit>
		<Unit filename="../../libsoxconvert/lpc10/lpfilt.c">
			<Option compilerVar="CC" />
		</Unit>
		<Unit filename="../../libsoxconvert/lpc10/median.c">
			<Option compilerVar="CC" />
		</Unit>
		<Unit filename="../../libsoxconvert/lpc10/mload.c">
			<Option compilerVar="CC" />
		</Unit>
		<Unit filename="../../libsoxconvert/lpc10/onset.c">
			<Option compilerVar="CC" />
		</Unit>
		<Unit filename="../../libsoxconvert/lpc10/pitsyn.c">
			<Option compilerVar="CC" />
		</Unit>
		<Unit filename="../../libsoxconvert/lpc10/placea.c">
			<Option compilerVar="CC" />
		</Unit>
		<Unit filename="../../libsoxconvert/lpc10/placev.c">
			<Option compilerVar="CC" />
		</Unit>
		<Unit filename="../../libsoxconvert/lpc10/preemp.c">
			<Option compilerVar="CC" />
		</Unit>
		<Unit filename="../../libsoxconvert/lpc10/prepro.c">
			<Option compilerVar="CC" />
		</Unit>
		<Unit filename="../../libsoxconvert/lpc10/random.c">
			<Option compilerVar="CC" />
		</Unit>
		<Unit filename="../../libsoxconvert/lpc10/rcchk.c">
			<Option compilerVar="CC" />
		</Unit>
		<Unit filename="../../libsoxconvert/lpc10/synths.c">
			<Option compilerVar="CC" />
		</Unit>
		<Unit filename="../../libsoxconvert/lpc10/tbdm.c">
			<Option compilerVar="CC" />
		</Unit>
		<Unit filename="../../libsoxconvert/lpc10/voicin.c">
			<Option compilerVar="CC" />
		</Unit>
		<Unit filename="../../libsoxconvert/lpc10/vparms.c">
			<Option compilerVar="CC" />
		</Unit>
		<Extensions>
			<code_completion />
			<envvars />
			<lib_finder disable_auto="1" />
			<debugger />
		</Extensions>
	</Project>
</CodeBlocks_project_file>
