<?xml version="1.0" encoding="UTF-8" standalone="yes" ?>
<CodeBlocks_project_file>
	<FileVersion major="1" minor="6" />
	<Project>
		<Option title="libsoxconvert" />
		<Option pch_mode="2" />
		<Option default_target="Bin" />
		<Option compiler="gcc" />
		<Build>
			<Target title="Release">
				<Option output="bin/Release/libsoxconvert" prefix_auto="1" extension_auto="1" />
				<Option working_dir="" />
				<Option object_output="obj/Release/" />
				<Option type="2" />
				<Option compiler="gcc" />
				<Compiler>
					<Add option="-Os" />
					<Add option="-DALWAYS_INLINE" />
					<Add directory="../../libsoxconvert/libsox" />
					<Add directory="../../libutils/include" />
					<Add directory="../../src/include" />
				</Compiler>
				<Linker>
					<Add option="-s" />
					<Add library="../libsox/bin/Release/libsox.a" />
					<Add directory="../../libsoxconvert/libsox" />
				</Linker>
			</Target>
			<Target title="Bin">
				<Option output="soxconvert" prefix_auto="1" extension_auto="1" />
				<Option type="1" />
				<Option compiler="gcc" />
				<Option use_console_runner="0" />
				<Option parameters="~/soundfiles/g3/*.wav ~/soundfiles/g1/test.aiff" />
				<Compiler>
					<Add directory="../../libsoxconvert/libsox" />
				</Compiler>
				<Linker>
					<Add library="bin/Release/libsoxconvert.a" />
					<Add library="../libsox/bin/Release/libsox.a" />
					<Add directory="../../libsoxconvert/libsox" />
				</Linker>
			</Target>
		</Build>
		<Compiler>
			<Add option="-Wall" />
		</Compiler>
		<Unit filename="../../libsoxconvert/src/libsoxconvert.c">
			<Option compilerVar="CC" />
			<Option target="Release" />
		</Unit>
		<Extensions>
			<code_completion />
			<envvars />
			<debugger />
		</Extensions>
	</Project>
</CodeBlocks_project_file>
