<?xml version="1.0" encoding="UTF-8" standalone="yes" ?>
<CodeBlocks_project_file>
	<FileVersion major="1" minor="6" />
	<Project>
		<Option title="fixwav" />
		<Option pch_mode="2" />
		<Option compiler="gcc" />
		<Build>
			<Target title="Release">
				<Option output="bin\fixwav" prefix_auto="1" extension_auto="1" />
				<Option object_output="obj\Release\" />
				<Option type="1" />
				<Option compiler="gcc" />
				<Option parameters="  C:\soundfiles\g1\test2496.wav --autorename -o C:\Hplex --log C:\Hplex\log2.txt  -b 24 -c 2 -s 96" />
				<Compiler>
					<Add option="-Os" />
					<Add option="-g" />
					<Add option="-D__CB__" />
					<Add option="-DLONG_OPTIONS" />
					<Add directory="..\..\src\include" />
					<Add directory="..\..\libutils\include" />
				</Compiler>
				<Linker>
					<Add option="-s" />
					<Add library="..\libfixwav\bin\libfixwav.a" />
					<Add library="..\libutils\libutils.a" />
					<Add directory="..\libfixwav\bin" />
					<Add directory="..\libutils" />
				</Linker>
			</Target>
		</Build>
		<Compiler>
			<Add option="-Wall" />
		</Compiler>
		<Unit filename="..\..\src\include\launch_fixwav.h" />
		<Unit filename="..\..\src\launch_fixwav.c">
			<Option compilerVar="CC" />
		</Unit>
		<Unit filename="..\..\src\main.c">
			<Option compilerVar="CC" />
		</Unit>
		<Extensions>
			<code_completion />
			<envvars />
			<debugger />
			<lib_finder disable_auto="1" />
		</Extensions>
	</Project>
</CodeBlocks_project_file>
