<?xml version="1.0" encoding="UTF-8" standalone="yes" ?>
<CodeBlocks_project_file>
	<FileVersion major="1" minor="6" />
	<Project>
		<Option title="libogg-1.1.3" />
		<Option pch_mode="2" />
		<Option compiler="gcc" />
		<Build>
			<Target title="Release">
				<Option output="libogg-1.1.3.a" prefix_auto="0" extension_auto="0" />
				<Option working_dir="" />
				<Option object_output="obj/Release/" />
				<Option type="2" />
				<Option compiler="cygwin" />
				<Option createDefFile="1" />
				<Compiler>
					<Add option="-O2" />
					<Add option="-Wall" />
					<Add option="-D__CB__" />
					<Add directory="../../libFLAC/include/libogg/include" />
					<Add directory="../../libFLAC/include/libogg/src" />
				</Compiler>
				<Linker>
					<Add option="-s" />
				</Linker>
			</Target>
		</Build>
		<Unit filename="../../libFLAC/include/libogg/config.h" />
		<Unit filename="../../libFLAC/include/libogg/include/ogg/config_types.h.in">
			<Option target="&lt;{~None~}&gt;" />
		</Unit>
		<Unit filename="../../libFLAC/include/libogg/include/ogg/ogg.h" />
		<Unit filename="../../libFLAC/include/libogg/include/ogg/os_types.h" />
		<Unit filename="../../libFLAC/include/libogg/macos/compat/strdup.c">
			<Option compilerVar="CC" />
		</Unit>
		<Unit filename="../../libFLAC/include/libogg/macos/compat/sys/types.h" />
		<Unit filename="../../libFLAC/include/libogg/src/bitwise.c">
			<Option compilerVar="CC" />
		</Unit>
		<Unit filename="../../libFLAC/include/libogg/src/framing.c">
			<Option compilerVar="CC" />
		</Unit>
		<Extensions>
			<code_completion />
			<envvars />
			<debugger />
			<lib_finder disable_auto="1" />
		</Extensions>
	</Project>
</CodeBlocks_project_file>
