<?xml version="1.0" encoding="UTF-8" standalone="yes" ?>
<CodeBlocks_project_file>
	<FileVersion major="1" minor="6" />
	<Project>
		<Option title="dvda-author" />
		<Option pch_mode="2" />
		<Option compiler="gcc" />
		<Build>
			<Target title="Release">
				<Option output="bin/Release/dvda-author" prefix_auto="1" extension_auto="1" />
				<Option object_output="obj/Release/" />
				<Option type="1" />
				<Option compiler="gcc" />
				<Option parameters="-p 367 -i ~/soundfiles3 -o ~/output -d" />
				<Option projectCompilerOptionsRelation="1" />
				<Compiler>
					<Add option="-march=prescott" />
					<Add option="-O3" />
					<Add option="-std=c99" />
					<Add option="-D_GNU_SOURCE" />
					<Add option="-D__CB__" />
					<Add option="-DFLAC__HAS_OGG" />
					<Add option="-DLONG_OPTIONS" />
					<Add option="-D_LARGEFILE_SOURCE" />
					<Add option="-D_LARGE_FILES" />
					<Add option="-D_FILE_OFFSET_BITS=64" />
					<Add option="-DALWAYS_INLINE" />
					<Add option="-DNEW" />
					<Add directory="../../src/include" />
					<Add directory="../../libFLAC/FLAC" />
					<Add directory="../../libutils/include" />
					<Add directory="../../libutils/public" />
					<Add directory="../../fixwav/src/include" />
					<Add directory="../../libats2wav" />
					<Add directory="../../libsoxconvert/libsox" />
					<Add directory="../../../dvda-author-08.12" />
				</Compiler>
				<Linker>
					<Add option="-s" />
					<Add library="../libFLAC/libFLAC-1.2.1.a" />
					<Add library="../libc_utils/libc_utils.a" />
					<Add library="../libogg/libogg-1.1.3.a" />
					<Add library="../libfixwav/bin/Release/libfixwav-1.3.a" />
					<Add library="../libats2wav/libats2wav.a" />
					<Add library="../libsoxconvert/bin/Release/libsoxconvert.a" />
					<Add library="../libsox/bin/Release/libsox.a" />
					<Add directory="../libFLAC" />
					<Add directory="../libutils" />
					<Add directory="../../libutils/include" />
					<Add directory="../libogg" />
					<Add directory="../libfixwav/bin/Release" />
					<Add directory="../libats2wav" />
				</Linker>
			</Target>
		</Build>
		<Compiler>
			<Add option="-O3" />
			<Add option="-Wall" />
			<Add option="-D_GNU_SOURCE" />
		</Compiler>
		<Linker>
			<Add option="-s" />
		</Linker>
		<Unit filename="../../glibc/getsubopt.c">
			<Option compilerVar="CC" />
		</Unit>
		<Unit filename="../../glibc/getsubopt.h" />
		<Unit filename="../../glibc/strchrnul.c">
			<Option compilerVar="CC" />
		</Unit>
		<Unit filename="../../glibc/strchrnul.h" />
		<Unit filename="../../glibc/strdup.c">
			<Option compilerVar="CC" />
		</Unit>
		<Unit filename="../../glibc/strdup.h" />
		<Unit filename="../../glibc/strndup.c">
			<Option compilerVar="CC" />
		</Unit>
		<Unit filename="../../glibc/strndup.h" />
		<Unit filename="../../glibc/strnlen.c">
			<Option compilerVar="CC" />
		</Unit>
		<Unit filename="../../glibc/strnlen.h" />
		<Unit filename="../../src/amg2.c">
			<Option compilerVar="CC" />
		</Unit>
		<Unit filename="../../src/ats.c">
			<Option compilerVar="CC" />
			<Option compiler="gcc" use="0" buildCommand="$compiler $options -ftree-parallelize-loops=4 $includes -c $file -o $object " />
		</Unit>
		<Unit filename="../../src/atsi2.c">
			<Option compilerVar="CC" />
		</Unit>
		<Unit filename="../../src/audio.c">
			<Option compilerVar="CC" />
			<Option compiler="gcc" use="0" buildCommand="$compiler $options -ftree-parallelize-loops=4 $includes -c $file -o $object" />
		</Unit>
		<Unit filename="../../src/auxiliary.c">
			<Option compilerVar="CC" />
		</Unit>
		<Unit filename="../../src/command_line_parsing.c">
			<Option compilerVar="CC" />
		</Unit>
		<Unit filename="../../src/dvda-author2.c">
			<Option compilerVar="CC" />
		</Unit>
		<Unit filename="../../src/endianness.c">
			<Option compilerVar="CC" />
		</Unit>
		<Unit filename="../../src/file_input_parsing.c">
			<Option compilerVar="CC" />
		</Unit>
		<Unit filename="../../src/include/amg.h" />
		<Unit filename="../../src/include/ats.h" />
		<Unit filename="../../src/include/atsi.h" />
		<Unit filename="../../src/include/audio2.h" />
		<Unit filename="../../src/include/auxiliary.h" />
		<Unit filename="../../src/include/command_line_parsing.h" />
		<Unit filename="../../src/include/commonvars.h" />
		<Unit filename="../../src/include/dvda-author.h" />
		<Unit filename="../../src/include/endianness.h" />
		<Unit filename="../../src/include/file_input_parsing.h" />
		<Unit filename="../../src/include/launch_manager.h" />
		<Unit filename="../../src/include/lexer.h" />
		<Unit filename="../../src/include/multichannel.h" />
		<Unit filename="../../src/include/ports.h" />
		<Unit filename="../../src/include/samg.h" />
		<Unit filename="../../src/include/structures.h" />
		<Unit filename="../../src/include/videoimport.h" />
		<Unit filename="../../src/launch_manager.c">
			<Option compilerVar="CC" />
		</Unit>
		<Unit filename="../../src/lexer.c">
			<Option compilerVar="CC" />
		</Unit>
		<Unit filename="../../src/samg2.c">
			<Option compilerVar="CC" />
		</Unit>
		<Unit filename="../../src/videoimport.c">
			<Option compilerVar="CC" />
		</Unit>
		<Extensions>
			<code_completion />
			<envvars />
			<debugger />
			<lib_finder disable_auto="1" />
		</Extensions>
	</Project>
</CodeBlocks_project_file>
