<?xml version="1.0" encoding="UTF-8" standalone="yes" ?>
<CodeBlocks_project_file>
	<FileVersion major="1" minor="6" />
	<Project>
		<Option title="libFLAC-1.2.1" />
		<Option pch_mode="2" />
		<Option compiler="gcc" />
		<Option show_notes="0">
			<notes>
				<![CDATA[**** Note on preinstalled libFLAC headers *********

pre-installed libFLAC headers should not be used instead of libFLAC/FLAC 
headers.
To avoid this issue, please use "Target policy/Use project options only"
in "Build options/Search directories/Compiler"]]>
			</notes>
		</Option>
		<Build>
			<Target title="Release">
				<Option output="libFLAC-1.2.1.a" prefix_auto="0" extension_auto="0" />
				<Option working_dir="" />
				<Option object_output="obj/Release/" />
				<Option type="2" />
				<Option compiler="gcc" />
				<Option createDefFile="1" />
				<Option projectCompilerOptionsRelation="1" />
				<Option projectLinkerOptionsRelation="1" />
				<Option projectIncludeDirsRelation="1" />
				<Option projectResourceIncludeDirsRelation="1" />
				<Option projectLibDirsRelation="1" />
				<Compiler>
					<Add option="-O3" />
					<Add option="-w" />
					<Add option="-D__CB__" />
					<Add option="-DFLAC__HAS_OGG" />
					<Add directory="../../libFLAC" />
					<Add directory="../../libFLAC/include/libogg/include" />
					<Add directory="../../libFLAC/FLAC" />
				</Compiler>
				<Linker>
					<Add option="-s" />
					<Add library="../libogg/libogg-1.1.3.a" />
					<Add directory="../libogg" />
				</Linker>
			</Target>
		</Build>
		<Unit filename="../../libFLAC/FLAC/all.h" />
		<Unit filename="../../libFLAC/FLAC/assert.h" />
		<Unit filename="../../libFLAC/FLAC/callback.h" />
		<Unit filename="../../libFLAC/FLAC/export.h" />
		<Unit filename="../../libFLAC/FLAC/format.h" />
		<Unit filename="../../libFLAC/FLAC/ordinals.h" />
		<Unit filename="../../libFLAC/FLAC/stream_decoder.h" />
		<Unit filename="../../libFLAC/FLAC/stream_encoder.h" />
		<Unit filename="../../libFLAC/bitmath.c">
			<Option compilerVar="CC" />
		</Unit>
		<Unit filename="../../libFLAC/bitreader.c">
			<Option compilerVar="CC" />
		</Unit>
		<Unit filename="../../libFLAC/bitwriter.c">
			<Option compilerVar="CC" />
		</Unit>
		<Unit filename="../../libFLAC/config.h" />
		<Unit filename="../../libFLAC/cpu.c">
			<Option compilerVar="CC" />
		</Unit>
		<Unit filename="../../libFLAC/crc.c">
			<Option compilerVar="CC" />
		</Unit>
		<Unit filename="../../libFLAC/fixed.c">
			<Option compilerVar="CC" />
		</Unit>
		<Unit filename="../../libFLAC/float.c">
			<Option compilerVar="CC" />
		</Unit>
		<Unit filename="../../libFLAC/format.c">
			<Option compilerVar="CC" />
		</Unit>
		<Unit filename="../../libFLAC/include/libogg/config.h" />
		<Unit filename="../../libFLAC/include/libogg/include/ogg/config_types.h" />
		<Unit filename="../../libFLAC/include/libogg/include/ogg/framing.h" />
		<Unit filename="../../libFLAC/include/libogg/include/ogg/ogg.h" />
		<Unit filename="../../libFLAC/include/libogg/include/ogg/os_types.h" />
		<Unit filename="../../libFLAC/include/libogg/macos/compat/sys/types.h" />
		<Unit filename="../../libFLAC/include/libogg/src/framing.c">
			<Option compilerVar="CC" />
		</Unit>
		<Unit filename="../../libFLAC/lpc.c">
			<Option compilerVar="CC" />
		</Unit>
		<Unit filename="../../libFLAC/md5.c">
			<Option compilerVar="CC" />
		</Unit>
		<Unit filename="../../libFLAC/memory.c">
			<Option compilerVar="CC" />
		</Unit>
		<Unit filename="../../libFLAC/ogg_decoder_aspect.c">
			<Option compilerVar="CC" />
		</Unit>
		<Unit filename="../../libFLAC/ogg_encoder_aspect.c">
			<Option compilerVar="CC" />
		</Unit>
		<Unit filename="../../libFLAC/ogg_helper.c">
			<Option compilerVar="CC" />
		</Unit>
		<Unit filename="../../libFLAC/ogg_mapping.c">
			<Option compilerVar="CC" />
		</Unit>
		<Unit filename="../../libFLAC/private/all.h" />
		<Unit filename="../../libFLAC/private/bitmath.h" />
		<Unit filename="../../libFLAC/private/bitreader.h" />
		<Unit filename="../../libFLAC/private/bitwriter.h" />
		<Unit filename="../../libFLAC/private/cpu.h" />
		<Unit filename="../../libFLAC/private/crc.h" />
		<Unit filename="../../libFLAC/private/fixed.h" />
		<Unit filename="../../libFLAC/private/float.h" />
		<Unit filename="../../libFLAC/private/format.h" />
		<Unit filename="../../libFLAC/private/lpc.h" />
		<Unit filename="../../libFLAC/private/md5.h" />
		<Unit filename="../../libFLAC/private/memory.h" />
		<Unit filename="../../libFLAC/private/ogg_decoder_aspect.h" />
		<Unit filename="../../libFLAC/private/ogg_encoder_aspect.h" />
		<Unit filename="../../libFLAC/private/ogg_helper.h" />
		<Unit filename="../../libFLAC/private/ogg_mapping.h" />
		<Unit filename="../../libFLAC/private/stream_encoder_framing.h" />
		<Unit filename="../../libFLAC/private/window.h" />
		<Unit filename="../../libFLAC/protected/all.h" />
		<Unit filename="../../libFLAC/protected/stream_decoder.h" />
		<Unit filename="../../libFLAC/protected/stream_encoder.h" />
		<Unit filename="../../libFLAC/share/alloc.h" />
		<Unit filename="../../libFLAC/share/getopt.h" />
		<Unit filename="../../libFLAC/share/grabbag.h" />
		<Unit filename="../../libFLAC/share/grabbag/cuesheet.h" />
		<Unit filename="../../libFLAC/share/grabbag/file.h" />
		<Unit filename="../../libFLAC/share/grabbag/picture.h" />
		<Unit filename="../../libFLAC/share/grabbag/replaygain.h" />
		<Unit filename="../../libFLAC/share/grabbag/seektable.h" />
		<Unit filename="../../libFLAC/share/replaygain_analysis.h" />
		<Unit filename="../../libFLAC/share/replaygain_synthesis.h" />
		<Unit filename="../../libFLAC/share/utf8.h" />
		<Unit filename="../../libFLAC/stream_decoder.c">
			<Option compilerVar="CC" />
		</Unit>
		<Unit filename="../../libFLAC/stream_encoder.c">
			<Option compilerVar="CC" />
		</Unit>
		<Unit filename="../../libFLAC/stream_encoder_framing.c">
			<Option compilerVar="CC" />
		</Unit>
		<Unit filename="../../libFLAC/window.c">
			<Option compilerVar="CC" />
		</Unit>
		<Extensions>
			<code_completion />
			<envvars />
			<debugger />
			<lib_finder disable_auto="1" />
		</Extensions>
	</Project>
</CodeBlocks_project_file>
