// !$*UTF8*$!
{
	archiveVersion = 1;
	classes = {
	};
	objectVersion = 42;
	objects = {

/* Begin PBXBuildFile section */
		04C45CAC099C1DBB00D80AF1 /* VideoOutput.m in Sources */ = {isa = PBXBuildFile; fileRef = F56F98D9030C21FF01A80002 /* VideoOutput.m */; };
		04C45CAD099C1DBB00D80AF1 /* main.m in Sources */ = {isa = PBXBuildFile; fileRef = 08FB7796FE84155DC02AAC07 /* main.m */; };
		04C45DED099C1DC200D80AF1 /* AppKit.framework in Frameworks */ = {isa = PBXBuildFile; fileRef = F56F96CD030C206D01A80002 /* AppKit.framework */; };
		04C45DEE099C1DC200D80AF1 /* Foundation.framework in Frameworks */ = {isa = PBXBuildFile; fileRef = 08FB779EFE84155DC02AAC07 /* Foundation.framework */; };
		04C45DEF099C1DC200D80AF1 /* QuickTime.framework in Frameworks */ = {isa = PBXBuildFile; fileRef = F56F96AA030C1FA901A80002 /* QuickTime.framework */; };
/* End PBXBuildFile section */

/* Begin PBXFileReference section */
		04C45CA5099C1D4F00D80AF1 /* movtoy4m */ = {isa = PBXFileReference; explicitFileType = "compiled.mach-o.executable"; includeInIndex = 0; path = movtoy4m; sourceTree = BUILT_PRODUCTS_DIR; };
		08FB7796FE84155DC02AAC07 /* main.m */ = {isa = PBXFileReference; fileEncoding = 4; lastKnownFileType = sourcecode.c.objc; path = main.m; sourceTree = "<group>"; };
		08FB779EFE84155DC02AAC07 /* Foundation.framework */ = {isa = PBXFileReference; lastKnownFileType = wrapper.framework; name = Foundation.framework; path = /System/Library/Frameworks/Foundation.framework; sourceTree = "<absolute>"; };
		F56F96AA030C1FA901A80002 /* QuickTime.framework */ = {isa = PBXFileReference; lastKnownFileType = wrapper.framework; name = QuickTime.framework; path = /System/Library/Frameworks/QuickTime.framework; sourceTree = "<absolute>"; };
		F56F96CD030C206D01A80002 /* AppKit.framework */ = {isa = PBXFileReference; lastKnownFileType = wrapper.framework; name = AppKit.framework; path = /System/Library/Frameworks/AppKit.framework; sourceTree = "<absolute>"; };
		F56F98D9030C21FF01A80002 /* VideoOutput.m */ = {isa = PBXFileReference; fileEncoding = 4; lastKnownFileType = sourcecode.c.objc; path = VideoOutput.m; sourceTree = "<group>"; };
		F56F98DB030C22C501A80002 /* VideoOutput.h */ = {isa = PBXFileReference; fileEncoding = 4; lastKnownFileType = sourcecode.c.h; path = VideoOutput.h; sourceTree = "<group>"; };
/* End PBXFileReference section */

/* Begin PBXFrameworksBuildPhase section */
		04C45CA3099C1D4E00D80AF1 /* Frameworks */ = {
			isa = PBXFrameworksBuildPhase;
			buildActionMask = 2147483647;
			files = (
				04C45DED099C1DC200D80AF1 /* AppKit.framework in Frameworks */,
				04C45DEE099C1DC200D80AF1 /* Foundation.framework in Frameworks */,
				04C45DEF099C1DC200D80AF1 /* QuickTime.framework in Frameworks */,
			);
			runOnlyForDeploymentPostprocessing = 0;
		};
/* End PBXFrameworksBuildPhase section */

/* Begin PBXGroup section */
		08FB7794FE84155DC02AAC07 /* movtoy4m */ = {
			isa = PBXGroup;
			children = (
				08FB7795FE84155DC02AAC07 /* Source */,
				08FB779DFE84155DC02AAC07 /* Frameworks */,
				1AB674ADFE9D54B511CA2CBB /* Products */,
			);
			name = movtoy4m;
			sourceTree = "<group>";
		};
		08FB7795FE84155DC02AAC07 /* Source */ = {
			isa = PBXGroup;
			children = (
				F56F98DB030C22C501A80002 /* VideoOutput.h */,
				F56F98D9030C21FF01A80002 /* VideoOutput.m */,
				08FB7796FE84155DC02AAC07 /* main.m */,
			);
			name = Source;
			sourceTree = "<group>";
		};
		08FB779DFE84155DC02AAC07 /* Frameworks */ = {
			isa = PBXGroup;
			children = (
				F56F96CD030C206D01A80002 /* AppKit.framework */,
				08FB779EFE84155DC02AAC07 /* Foundation.framework */,
				F56F96AA030C1FA901A80002 /* QuickTime.framework */,
			);
			name = Frameworks;
			sourceTree = "<group>";
		};
		1AB674ADFE9D54B511CA2CBB /* Products */ = {
			isa = PBXGroup;
			children = (
				04C45CA5099C1D4F00D80AF1 /* movtoy4m */,
			);
			name = Products;
			sourceTree = "<group>";
		};
/* End PBXGroup section */

/* Begin PBXNativeTarget section */
		04C45CA4099C1D4E00D80AF1 /* movtoy4m */ = {
			isa = PBXNativeTarget;
			buildConfigurationList = 04C45CA7099C1D6D00D80AF1 /* Build configuration list for PBXNativeTarget "movtoy4m" */;
			buildPhases = (
				04C45CA2099C1D4E00D80AF1 /* Sources */,
				04C45CA3099C1D4E00D80AF1 /* Frameworks */,
			);
			buildRules = (
			);
			dependencies = (
			);
			name = movtoy4m;
			productName = movtoy4m;
			productReference = 04C45CA5099C1D4F00D80AF1 /* movtoy4m */;
			productType = "com.apple.product-type.tool";
		};
/* End PBXNativeTarget section */

/* Begin PBXProject section */
		08FB7793FE84155DC02AAC07 /* Project object */ = {
			isa = PBXProject;
			buildConfigurationList = 041D17CA0939672100D35388 /* Build configuration list for PBXProject "movtoy4m" */;
			hasScannedForEncodings = 1;
			mainGroup = 08FB7794FE84155DC02AAC07 /* movtoy4m */;
			projectDirPath = "";
			targets = (
				04C45CA4099C1D4E00D80AF1 /* movtoy4m */,
			);
		};
/* End PBXProject section */

/* Begin PBXSourcesBuildPhase section */
		04C45CA2099C1D4E00D80AF1 /* Sources */ = {
			isa = PBXSourcesBuildPhase;
			buildActionMask = 2147483647;
			files = (
				04C45CAC099C1DBB00D80AF1 /* VideoOutput.m in Sources */,
				04C45CAD099C1DBB00D80AF1 /* main.m in Sources */,
			);
			runOnlyForDeploymentPostprocessing = 0;
		};
/* End PBXSourcesBuildPhase section */

/* Begin XCBuildConfiguration section */
		041D17CB0939672100D35388 /* Development */ = {
			isa = XCBuildConfiguration;
			buildSettings = {
				GCC_C_LANGUAGE_STANDARD = c99;
				MACOSX_DEPLOYMENT_TARGET = 10.3;
				SDKROOT = /Developer/SDKs/MacOSX10.4u.sdk;
			};
			name = Development;
		};
		041D17CC0939672100D35388 /* Deployment */ = {
			isa = XCBuildConfiguration;
			buildSettings = {
				GCC_C_LANGUAGE_STANDARD = c99;
				GCC_INPUT_FILETYPE = sourcecode.c.objc;
				MACOSX_DEPLOYMENT_TARGET = 10.3;
				SDKROOT = /Developer/SDKs/MacOSX10.4u.sdk;
			};
			name = Deployment;
		};
		041D17CD0939672100D35388 /* Default */ = {
			isa = XCBuildConfiguration;
			buildSettings = {
				GCC_C_LANGUAGE_STANDARD = c99;
				MACOSX_DEPLOYMENT_TARGET = 10.3;
				SDKROOT = /Developer/SDKs/MacOSX10.4u.sdk;
			};
			name = Default;
		};
		04C45CA8099C1D6D00D80AF1 /* Development */ = {
			isa = XCBuildConfiguration;
			buildSettings = {
				COPY_PHASE_STRIP = NO;
				GCC_GENERATE_DEBUGGING_SYMBOLS = YES;
				GCC_MODEL_TUNING = G5;
				INSTALL_PATH = "$(HOME)/bin";
				OPTIMIZATION_CFLAGS = "-O0";
				OTHER_CFLAGS = "";
				OTHER_LDFLAGS = "";
				OTHER_REZFLAGS = "";
				PREBINDING = NO;
				PRODUCT_NAME = movtoy4m;
				SECTORDER_FLAGS = "";
				WARNING_CFLAGS = (
					"-Wmost",
					"-Wno-four-char-constants",
					"-Wno-unknown-pragmas",
				);
			};
			name = Development;
		};
		04C45CA9099C1D6D00D80AF1 /* Deployment */ = {
			isa = XCBuildConfiguration;
			buildSettings = {
				ARCHS = (
					ppc,
					i386,
				);
				COPY_PHASE_STRIP = YES;
				GCC_GENERATE_DEBUGGING_SYMBOLS = NO;
				GCC_MODEL_TUNING = G5;
				INSTALL_PATH = "$(HOME)/bin";
				MACOSX_DEPLOYMENT_TARGET = "";
				OPTIMIZATION_CFLAGS = "-O0";
				OTHER_CFLAGS = "";
				OTHER_LDFLAGS = "";
				OTHER_REZFLAGS = "";
				PREBINDING = NO;
				PRODUCT_NAME = movtoy4m;
				SECTORDER_FLAGS = "";
				WARNING_CFLAGS = (
					"-Wmost",
					"-Wno-four-char-constants",
					"-Wno-unknown-pragmas",
				);
			};
			name = Deployment;
		};
		04C45CAA099C1D6D00D80AF1 /* Default */ = {
			isa = XCBuildConfiguration;
			buildSettings = {
				GCC_GENERATE_DEBUGGING_SYMBOLS = NO;
				GCC_MODEL_TUNING = G5;
				INSTALL_PATH = "$(HOME)/bin";
				OPTIMIZATION_CFLAGS = "-O0";
				OTHER_CFLAGS = "";
				OTHER_LDFLAGS = "";
				OTHER_REZFLAGS = "";
				PREBINDING = NO;
				PRODUCT_NAME = movtoy4m;
				SECTORDER_FLAGS = "";
				WARNING_CFLAGS = (
					"-Wmost",
					"-Wno-four-char-constants",
					"-Wno-unknown-pragmas",
				);
			};
			name = Default;
		};
/* End XCBuildConfiguration section */

/* Begin XCConfigurationList section */
		041D17CA0939672100D35388 /* Build configuration list for PBXProject "movtoy4m" */ = {
			isa = XCConfigurationList;
			buildConfigurations = (
				041D17CB0939672100D35388 /* Development */,
				041D17CC0939672100D35388 /* Deployment */,
				041D17CD0939672100D35388 /* Default */,
			);
			defaultConfigurationIsVisible = 0;
			defaultConfigurationName = Default;
		};
		04C45CA7099C1D6D00D80AF1 /* Build configuration list for PBXNativeTarget "movtoy4m" */ = {
			isa = XCConfigurationList;
			buildConfigurations = (
				04C45CA8099C1D6D00D80AF1 /* Development */,
				04C45CA9099C1D6D00D80AF1 /* Deployment */,
				04C45CAA099C1D6D00D80AF1 /* Default */,
			);
			defaultConfigurationIsVisible = 0;
			defaultConfigurationName = Default;
		};
/* End XCConfigurationList section */
	};
	rootObject = 08FB7793FE84155DC02AAC07 /* Project object */;
}
