// !$*UTF8*$!
{
	archiveVersion = 1;
	classes = {
	};
	objectVersion = 42;
	objects = {

/* Begin PBXBuildFile section */
		08FB77A2FE84155DC02AAC07 /* main.mm in Sources */ = {isa = PBXBuildFile; fileRef = 08FB7796FE84155DC02AAC07 /* main.mm */; settings = {ATTRIBUTES = (); }; };
		08FB77A4FE84155DC02AAC07 /* Foundation.framework in Frameworks */ = {isa = PBXBuildFile; fileRef = 08FB779EFE84155DC02AAC07 /* Foundation.framework */; };
		F56F96CC030C1FA901A80002 /* QuickTime.framework in Frameworks */ = {isa = PBXBuildFile; fileRef = F56F96AA030C1FA901A80002 /* QuickTime.framework */; };
		F56F98D5030C206F01A80002 /* AppKit.framework in Frameworks */ = {isa = PBXBuildFile; fileRef = F56F96CD030C206D01A80002 /* AppKit.framework */; };
/* End PBXBuildFile section */

/* Begin PBXFileReference section */
		034768E6FF38A76511DB9C8B /* movtowav */ = {isa = PBXFileReference; explicitFileType = "compiled.mach-o.executable"; path = movtowav; sourceTree = BUILT_PRODUCTS_DIR; };
		08FB7796FE84155DC02AAC07 /* main.mm */ = {isa = PBXFileReference; lastKnownFileType = sourcecode.cpp.objcpp; path = main.mm; sourceTree = "<group>"; };
		08FB779EFE84155DC02AAC07 /* Foundation.framework */ = {isa = PBXFileReference; lastKnownFileType = wrapper.framework; name = Foundation.framework; path = /System/Library/Frameworks/Foundation.framework; sourceTree = "<absolute>"; };
		F56F96AA030C1FA901A80002 /* QuickTime.framework */ = {isa = PBXFileReference; lastKnownFileType = wrapper.framework; name = QuickTime.framework; path = /System/Library/Frameworks/QuickTime.framework; sourceTree = "<absolute>"; };
		F56F96CD030C206D01A80002 /* AppKit.framework */ = {isa = PBXFileReference; lastKnownFileType = wrapper.framework; name = AppKit.framework; path = /System/Library/Frameworks/AppKit.framework; sourceTree = "<absolute>"; };
/* End PBXFileReference section */

/* Begin PBXFrameworksBuildPhase section */
		08FB77A3FE84155DC02AAC07 /* Frameworks */ = {
			isa = PBXFrameworksBuildPhase;
			buildActionMask = 2147483647;
			files = (
				08FB77A4FE84155DC02AAC07 /* Foundation.framework in Frameworks */,
				F56F96CC030C1FA901A80002 /* QuickTime.framework in Frameworks */,
				F56F98D5030C206F01A80002 /* AppKit.framework in Frameworks */,
			);
			runOnlyForDeploymentPostprocessing = 0;
		};
/* End PBXFrameworksBuildPhase section */

/* Begin PBXGroup section */
		08FB7794FE84155DC02AAC07 /* movtoy4m */ = {
			isa = PBXGroup;
			children = (
				08FB7795FE84155DC02AAC07 /* Source */,
				08FB779DFE84155DC02AAC07 /* External Frameworks and Libraries */,
				1AB674ADFE9D54B511CA2CBB /* Products */,
			);
			name = movtoy4m;
			sourceTree = "<group>";
		};
		08FB7795FE84155DC02AAC07 /* Source */ = {
			isa = PBXGroup;
			children = (
				08FB7796FE84155DC02AAC07 /* main.mm */,
			);
			name = Source;
			sourceTree = "<group>";
		};
		08FB779DFE84155DC02AAC07 /* External Frameworks and Libraries */ = {
			isa = PBXGroup;
			children = (
				F56F96CD030C206D01A80002 /* AppKit.framework */,
				08FB779EFE84155DC02AAC07 /* Foundation.framework */,
				F56F96AA030C1FA901A80002 /* QuickTime.framework */,
			);
			name = "External Frameworks and Libraries";
			sourceTree = "<group>";
		};
		1AB674ADFE9D54B511CA2CBB /* Products */ = {
			isa = PBXGroup;
			children = (
				034768E6FF38A76511DB9C8B /* movtowav */,
			);
			name = Products;
			sourceTree = "<group>";
		};
/* End PBXGroup section */

/* Begin PBXHeadersBuildPhase section */
		08FB77A0FE84155DC02AAC07 /* Headers */ = {
			isa = PBXHeadersBuildPhase;
			buildActionMask = 2147483647;
			files = (
			);
			runOnlyForDeploymentPostprocessing = 0;
		};
/* End PBXHeadersBuildPhase section */

/* Begin PBXProject section */
		08FB7793FE84155DC02AAC07 /* Project object */ = {
			isa = PBXProject;
			buildConfigurationList = FE03D81C0EEC5576009DFD1D /* Build configuration list for PBXProject "movtowav" */;
			compatibilityVersion = "Xcode 2.4";
			hasScannedForEncodings = 0;
			mainGroup = 08FB7794FE84155DC02AAC07 /* movtoy4m */;
			projectDirPath = "";
			projectRoot = "";
			targets = (
				08FB779FFE84155DC02AAC07 /* movtowav */,
			);
		};
/* End PBXProject section */

/* Begin PBXRezBuildPhase section */
		08FB77A5FE84155DC02AAC07 /* Rez */ = {
			isa = PBXRezBuildPhase;
			buildActionMask = 2147483647;
			files = (
			);
			runOnlyForDeploymentPostprocessing = 0;
		};
/* End PBXRezBuildPhase section */

/* Begin PBXSourcesBuildPhase section */
		08FB77A1FE84155DC02AAC07 /* Sources */ = {
			isa = PBXSourcesBuildPhase;
			buildActionMask = 2147483647;
			files = (
				08FB77A2FE84155DC02AAC07 /* main.mm in Sources */,
			);
			runOnlyForDeploymentPostprocessing = 0;
		};
/* End PBXSourcesBuildPhase section */

/* Begin PBXToolTarget section */
		08FB779FFE84155DC02AAC07 /* movtowav */ = {
			isa = PBXToolTarget;
			buildConfigurationList = FE03D8180EEC5576009DFD1D /* Build configuration list for PBXToolTarget "movtowav" */;
			buildPhases = (
				08FB77A0FE84155DC02AAC07 /* Headers */,
				08FB77A1FE84155DC02AAC07 /* Sources */,
				08FB77A3FE84155DC02AAC07 /* Frameworks */,
				08FB77A5FE84155DC02AAC07 /* Rez */,
			);
			dependencies = (
			);
			name = movtowav;
			productInstallPath = "$(HOME)/bin";
			productName = movtoy4m;
			productReference = 034768E6FF38A76511DB9C8B /* movtowav */;
		};
/* End PBXToolTarget section */

/* Begin XCBuildConfiguration section */
		FE03D8190EEC5576009DFD1D /* Development */ = {
			isa = XCBuildConfiguration;
			buildSettings = {
				COPY_PHASE_STRIP = NO;
				DEBUGGING_SYMBOLS = NO;
				FRAMEWORK_SEARCH_PATHS = "";
				GCC_DYNAMIC_NO_PIC = NO;
				GCC_ENABLE_FIX_AND_CONTINUE = YES;
				GCC_GENERATE_DEBUGGING_SYMBOLS = YES;
				GCC_OPTIMIZATION_LEVEL = 0;
				HEADER_SEARCH_PATHS = "";
				INSTALL_PATH = "$(HOME)/bin";
				LIBRARY_SEARCH_PATHS = "";
				OTHER_CFLAGS = "";
				OTHER_LDFLAGS = "";
				OTHER_REZFLAGS = "";
				PRODUCT_NAME = movtowav;
				REZ_EXECUTABLE = YES;
				SECTORDER_FLAGS = "";
				WARNING_CFLAGS = (
					"-Wmost",
					"-Wno-four-char-constants",
					"-Wno-unknown-pragmas",
				);
				ZERO_LINK = YES;
			};
			name = Development;
		};
		FE03D81A0EEC5576009DFD1D /* Deployment */ = {
			isa = XCBuildConfiguration;
			buildSettings = {
				COPY_PHASE_STRIP = YES;
				DEBUGGING_SYMBOLS = NO;
				FRAMEWORK_SEARCH_PATHS = "";
				GCC_ENABLE_FIX_AND_CONTINUE = NO;
				GCC_OPTIMIZATION_LEVEL = 3;
				HEADER_SEARCH_PATHS = "";
				INSTALL_PATH = "$(HOME)/bin";
				LIBRARY_SEARCH_PATHS = "";
				OTHER_CFLAGS = "";
				OTHER_LDFLAGS = "";
				OTHER_REZFLAGS = "";
				PRODUCT_NAME = movtowav;
				REZ_EXECUTABLE = YES;
				SECTORDER_FLAGS = "";
				WARNING_CFLAGS = (
					"-Wmost",
					"-Wno-four-char-constants",
					"-Wno-unknown-pragmas",
				);
				ZERO_LINK = NO;
			};
			name = Deployment;
		};
		FE03D81B0EEC5576009DFD1D /* Default */ = {
			isa = XCBuildConfiguration;
			buildSettings = {
				DEBUGGING_SYMBOLS = NO;
				FRAMEWORK_SEARCH_PATHS = "";
				GCC_OPTIMIZATION_LEVEL = 3;
				HEADER_SEARCH_PATHS = "";
				INSTALL_PATH = "$(HOME)/bin";
				LIBRARY_SEARCH_PATHS = "";
				OTHER_CFLAGS = "";
				OTHER_LDFLAGS = "";
				OTHER_REZFLAGS = "";
				PRODUCT_NAME = movtowav;
				REZ_EXECUTABLE = YES;
				SECTORDER_FLAGS = "";
				WARNING_CFLAGS = (
					"-Wmost",
					"-Wno-four-char-constants",
					"-Wno-unknown-pragmas",
				);
			};
			name = Default;
		};
		FE03D81D0EEC5576009DFD1D /* Development */ = {
			isa = XCBuildConfiguration;
			buildSettings = {
				SDKROOT = /Developer/SDKs/MacOSX10.3.9.sdk;
			};
			name = Development;
		};
		FE03D81E0EEC5576009DFD1D /* Deployment */ = {
			isa = XCBuildConfiguration;
			buildSettings = {
				SDKROOT = /Developer/SDKs/MacOSX10.3.9.sdk;
			};
			name = Deployment;
		};
		FE03D81F0EEC5576009DFD1D /* Default */ = {
			isa = XCBuildConfiguration;
			buildSettings = {
				SDKROOT = /Developer/SDKs/MacOSX10.3.9.sdk;
			};
			name = Default;
		};
/* End XCBuildConfiguration section */

/* Begin XCConfigurationList section */
		FE03D8180EEC5576009DFD1D /* Build configuration list for PBXToolTarget "movtowav" */ = {
			isa = XCConfigurationList;
			buildConfigurations = (
				FE03D8190EEC5576009DFD1D /* Development */,
				FE03D81A0EEC5576009DFD1D /* Deployment */,
				FE03D81B0EEC5576009DFD1D /* Default */,
			);
			defaultConfigurationIsVisible = 0;
			defaultConfigurationName = Default;
		};
		FE03D81C0EEC5576009DFD1D /* Build configuration list for PBXProject "movtowav" */ = {
			isa = XCConfigurationList;
			buildConfigurations = (
				FE03D81D0EEC5576009DFD1D /* Development */,
				FE03D81E0EEC5576009DFD1D /* Deployment */,
				FE03D81F0EEC5576009DFD1D /* Default */,
			);
			defaultConfigurationIsVisible = 0;
			defaultConfigurationName = Default;
		};
/* End XCConfigurationList section */
	};
	rootObject = 08FB7793FE84155DC02AAC07 /* Project object */;
}
